<?xml version="1.0" encoding="UTF-8" standalone="yes" ?>
<CodeBlocks_project_file>
	<FileVersion major="1" minor="6" />
	<Project>
		<Option title="dmiget" />
		<Option makefile_is_custom="1" />
		<Option pch_mode="2" />
		<Option compiler="gcc" />
		<Build>
			<Target title="Debug">
				<Option output=".bin/Debug/dmiget" prefix_auto="1" extension_auto="1" />
				<Option object_output=".obj/Debug/" />
				<Option type="1" />
				<Option compiler="gcc" />
				<Option parameters="-i /home/perry/tmp/dmidata.bin -V" />
				<Compiler>
					<Add option="-g" />
					<Add option="-DDEBUG=1" />
				</Compiler>
			</Target>
			<Target title="Release">
				<Option output=".bin/Release/dmiget" prefix_auto="1" extension_auto="1" />
				<Option object_output=".obj/Release/" />
				<Option type="1" />
				<Option compiler="gcc" />
				<Compiler>
					<Add option="-O2" />
					<Add option="-DNDEBUG=1" />
				</Compiler>
				<Linker>
					<Add option="-s" />
				</Linker>
			</Target>
		</Build>
		<Compiler>
			<Add option="-Wall" />
			<Add option="-std=c++17" />
			<Add directory="src/libdmiget/include" />
		</Compiler>
		<Unit filename="src/dmiget/dmiget.cc" />
		<Unit filename="src/include/config.h" />
		<Unit filename="src/include/private/constants.h" />
		<Unit filename="src/include/private/intl.h" />
		<Unit filename="src/include/private/python.h" />
		<Unit filename="src/include/private/smbios.h" />
		<Unit filename="src/include/smbios/defs.h" />
		<Unit filename="src/include/smbios/node.h" />
		<Unit filename="src/include/smbios/value.h" />
		<Unit filename="src/libdmiget/constants.cc" />
		<Unit filename="src/libdmiget/data.cc" />
		<Unit filename="src/libdmiget/decoders/abstract.cc" />
		<Unit filename="src/libdmiget/decoders/decode.cc" />
		<Unit filename="src/libdmiget/decoders/firmwarerevision.cc" />
		<Unit filename="src/libdmiget/decoders/string.cc" />
		<Unit filename="src/libdmiget/decoders/tools.cc" />
		<Unit filename="src/libdmiget/factory.cc" />
		<Unit filename="src/libdmiget/node/iterator.cc" />
		<Unit filename="src/libdmiget/node/node.cc" />
		<Unit filename="src/libdmiget/os/linux/data.cc" />
		<Unit filename="src/libdmiget/os/linux/file.cc" />
		<Unit filename="src/libdmiget/os/linux/node.cc" />
		<Unit filename="src/libdmiget/os/linux/reader.cc" />
		<Unit filename="src/libdmiget/os/linux/table.cc" />
		<Unit filename="src/libdmiget/os/linux/value.cc" />
		<Unit filename="src/libdmiget/os/windows/data.cc" />
		<Unit filename="src/libdmiget/os/windows/file.cc" />
		<Unit filename="src/libdmiget/os/windows/native_win32.h" />
		<Unit filename="src/libdmiget/os/windows/table.cc" />
		<Unit filename="src/libdmiget/string.cc" />
		<Unit filename="src/libdmiget/table.cc" />
		<Unit filename="src/libdmiget/value.cc" />
		<Unit filename="src/libdmiget/value/iterator.cc" />
		<Unit filename="src/libdmiget/value/url.cc" />
		<Unit filename="src/libdmiget/value/value.cc" />
		<Unit filename="src/python/init.c">
			<Option compilerVar="CC" />
		</Unit>
		<Unit filename="src/python/moduleinfo.cc" />
		<Unit filename="src/python/node.cc" />
		<Unit filename="src/python/value.cc" />
		<Extensions />
	</Project>
</CodeBlocks_project_file>
