<?xml version="1.0" encoding="UTF-8" standalone="yes" ?>
<CodeBlocks_project_file>
	<FileVersion major="1" minor="6" />
	<Project>
		<Option title="dmiget" />
		<Option makefile_is_custom="1" />
		<Option pch_mode="2" />
		<Option compiler="gcc" />
		<Build>
			<Target title="Debug">
				<Option output=".bin/Debug/dmiget" prefix_auto="1" extension_auto="1" />
				<Option object_output=".obj/Debug/" />
				<Option type="1" />
				<Option compiler="gcc" />
				<Compiler>
					<Add option="-g" />
					<Add option="-DDEBUG=1" />
				</Compiler>
			</Target>
			<Target title="Release">
				<Option output=".bin/Release/dmiget" prefix_auto="1" extension_auto="1" />
				<Option object_output=".obj/Release/" />
				<Option type="1" />
				<Option compiler="gcc" />
				<Compiler>
					<Add option="-O2" />
					<Add option="-DNDEBUG=1" />
				</Compiler>
				<Linker>
					<Add option="-s" />
				</Linker>
			</Target>
		</Build>
		<Compiler>
			<Add option="-Wall" />
			<Add option="-std=c++17" />
			<Add directory="src/libdmiget/include" />
		</Compiler>
		<Unit filename="src/dmiget/dmiget.cc" />
		<Unit filename="src/libdmiget/decoders/decode.cc" />
		<Unit filename="src/libdmiget/decoders/smbios3.cc" />
		<Unit filename="src/libdmiget/decoders/tools.cc" />
		<Unit filename="src/libdmiget/file.cc" />
		<Unit filename="src/libdmiget/include/dmiget/defs.h" />
		<Unit filename="src/libdmiget/include/dmiget/table.h" />
		<Unit filename="src/libdmiget/include/dmiget/value.h" />
		<Unit filename="src/libdmiget/include/internals.h" />
		<Unit filename="src/libdmiget/os/linux/constants.cc" />
		<Unit filename="src/libdmiget/os/linux/node.cc" />
		<Unit filename="src/libdmiget/os/linux/private.h" />
		<Unit filename="src/libdmiget/os/linux/reader.cc" />
		<Unit filename="src/libdmiget/os/linux/table.cc" />
		<Unit filename="src/libdmiget/os/linux/value.cc" />
		<Unit filename="src/libdmiget/os/windows/native_win32.h" />
		<Unit filename="src/libdmiget/os/windows/node.cc" />
		<Unit filename="src/libdmiget/os/windows/reader.cc" />
		<Unit filename="src/libdmiget/os/windows/table.cc" />
		<Unit filename="src/libdmiget/os/windows/value.cc" />
		<Unit filename="src/libdmiget/string.cc" />
		<Unit filename="src/libdmiget/table.cc" />
		<Unit filename="src/libdmiget/value.cc" />
		<Extensions />
	</Project>
</CodeBlocks_project_file>
